// !$*UTF8*$!
{
	archiveVersion = 1;
	classes = {
	};
	objectVersion = 56;
	objects = {

/* Begin PBXBuildFile section */
		C500FE542A2225FA00AF4052 /* ViewController2.swift in Sources */ = {isa = PBXBuildFile; fileRef = C500FE532A2225FA00AF4052 /* ViewController2.swift */; };
		C500FE572A22269A00AF4052 /* lightOn.png in Resources */ = {isa = PBXBuildFile; fileRef = C500FE552A22269A00AF4052 /* lightOn.png */; };
		C500FE582A22269A00AF4052 /* lightOff.png in Resources */ = {isa = PBXBuildFile; fileRef = C500FE562A22269A00AF4052 /* lightOff.png */; };
		C54E85402A21F551009DBF4C /* AppDelegate.swift in Sources */ = {isa = PBXBuildFile; fileRef = C54E853F2A21F551009DBF4C /* AppDelegate.swift */; };
		C54E85422A21F551009DBF4C /* SceneDelegate.swift in Sources */ = {isa = PBXBuildFile; fileRef = C54E85412A21F551009DBF4C /* SceneDelegate.swift */; };
		C54E85442A21F551009DBF4C /* ViewController.swift in Sources */ = {isa = PBXBuildFile; fileRef = C54E85432A21F551009DBF4C /* ViewController.swift */; };
		C54E85472A21F551009DBF4C /* Main.storyboard in Resources */ = {isa = PBXBuildFile; fileRef = C54E85452A21F551009DBF4C /* Main.storyboard */; };
		C54E85492A21F552009DBF4C /* Assets.xcassets in Resources */ = {isa = PBXBuildFile; fileRef = C54E85482A21F552009DBF4C /* Assets.xcassets */; };
		C54E854C2A21F552009DBF4C /* LaunchScreen.storyboard in Resources */ = {isa = PBXBuildFile; fileRef = C54E854A2A21F552009DBF4C /* LaunchScreen.storyboard */; };
		C57581E22A222F1500974268 /* ViewController3.swift in Sources */ = {isa = PBXBuildFile; fileRef = C57581E12A222F1500974268 /* ViewController3.swift */; };
/* End PBXBuildFile section */

/* Begin PBXFileReference section */
		C500FE532A2225FA00AF4052 /* ViewController2.swift */ = {isa = PBXFileReference; lastKnownFileType = sourcecode.swift; path = ViewController2.swift; sourceTree = "<group>"; };
		C500FE552A22269A00AF4052 /* lightOn.png */ = {isa = PBXFileReference; lastKnownFileType = image.png; path = lightOn.png; sourceTree = "<group>"; };
		C500FE562A22269A00AF4052 /* lightOff.png */ = {isa = PBXFileReference; lastKnownFileType = image.png; path = lightOff.png; sourceTree = "<group>"; };
		C54E853C2A21F551009DBF4C /* UIKitAllInOneApp.app */ = {isa = PBXFileReference; explicitFileType = wrapper.application; includeInIndex = 0; path = UIKitAllInOneApp.app; sourceTree = BUILT_PRODUCTS_DIR; };
		C54E853F2A21F551009DBF4C /* AppDelegate.swift */ = {isa = PBXFileReference; lastKnownFileType = sourcecode.swift; path = AppDelegate.swift; sourceTree = "<group>"; };
		C54E85412A21F551009DBF4C /* SceneDelegate.swift */ = {isa = PBXFileReference; lastKnownFileType = sourcecode.swift; path = SceneDelegate.swift; sourceTree = "<group>"; };
		C54E85432A21F551009DBF4C /* ViewController.swift */ = {isa = PBXFileReference; lastKnownFileType = sourcecode.swift; path = ViewController.swift; sourceTree = "<group>"; };
		C54E85462A21F551009DBF4C /* Base */ = {isa = PBXFileReference; lastKnownFileType = file.storyboard; name = Base; path = Base.lproj/Main.storyboard; sourceTree = "<group>"; };
		C54E85482A21F552009DBF4C /* Assets.xcassets */ = {isa = PBXFileReference; lastKnownFileType = folder.assetcatalog; path = Assets.xcassets; sourceTree = "<group>"; };
		C54E854B2A21F552009DBF4C /* Base */ = {isa = PBXFileReference; lastKnownFileType = file.storyboard; name = Base; path = Base.lproj/LaunchScreen.storyboard; sourceTree = "<group>"; };
		C54E854D2A21F552009DBF4C /* Info.plist */ = {isa = PBXFileReference; lastKnownFileType = text.plist.xml; path = Info.plist; sourceTree = "<group>"; };
		C57581E12A222F1500974268 /* ViewController3.swift */ = {isa = PBXFileReference; lastKnownFileType = sourcecode.swift; path = ViewController3.swift; sourceTree = "<group>"; };
/* End PBXFileReference section */

/* Begin PBXFrameworksBuildPhase section */
		C54E85392A21F551009DBF4C /* Frameworks */ = {
			isa = PBXFrameworksBuildPhase;
			buildActionMask = 2147483647;
			files = (
			);
			runOnlyForDeploymentPostprocessing = 0;
		};
/* End PBXFrameworksBuildPhase section */

/* Begin PBXGroup section */
		C54E85332A21F551009DBF4C = {
			isa = PBXGroup;
			children = (
				C54E853E2A21F551009DBF4C /* UIKitAllInOneApp */,
				C54E853D2A21F551009DBF4C /* Products */,
			);
			sourceTree = "<group>";
		};
		C54E853D2A21F551009DBF4C /* Products */ = {
			isa = PBXGroup;
			children = (
				C54E853C2A21F551009DBF4C /* UIKitAllInOneApp.app */,
			);
			name = Products;
			sourceTree = "<group>";
		};
		C54E853E2A21F551009DBF4C /* UIKitAllInOneApp */ = {
			isa = PBXGroup;
			children = (
				C54E853F2A21F551009DBF4C /* AppDelegate.swift */,
				C54E85412A21F551009DBF4C /* SceneDelegate.swift */,
				C54E85432A21F551009DBF4C /* ViewController.swift */,
				C500FE532A2225FA00AF4052 /* ViewController2.swift */,
				C57581E12A222F1500974268 /* ViewController3.swift */,
				C54E85452A21F551009DBF4C /* Main.storyboard */,
				C54E85482A21F552009DBF4C /* Assets.xcassets */,
				C54E854A2A21F552009DBF4C /* LaunchScreen.storyboard */,
				C54E854D2A21F552009DBF4C /* Info.plist */,
				C500FE562A22269A00AF4052 /* lightOff.png */,
				C500FE552A22269A00AF4052 /* lightOn.png */,
			);
			path = UIKitAllInOneApp;
			sourceTree = "<group>";
		};
/* End PBXGroup section */

/* Begin PBXNativeTarget section */
		C54E853B2A21F551009DBF4C /* UIKitAllInOneApp */ = {
			isa = PBXNativeTarget;
			buildConfigurationList = C54E85502A21F552009DBF4C /* Build configuration list for PBXNativeTarget "UIKitAllInOneApp" */;
			buildPhases = (
				C54E85382A21F551009DBF4C /* Sources */,
				C54E85392A21F551009DBF4C /* Frameworks */,
				C54E853A2A21F551009DBF4C /* Resources */,
			);
			buildRules = (
			);
			dependencies = (
			);
			name = UIKitAllInOneApp;
			productName = UIKitAllInOneApp;
			productReference = C54E853C2A21F551009DBF4C /* UIKitAllInOneApp.app */;
			productType = "com.apple.product-type.application";
		};
/* End PBXNativeTarget section */

/* Begin PBXProject section */
		C54E85342A21F551009DBF4C /* Project object */ = {
			isa = PBXProject;
			attributes = {
				BuildIndependentTargetsInParallel = 1;
				LastSwiftUpdateCheck = 1430;
				LastUpgradeCheck = 1430;
				TargetAttributes = {
					C54E853B2A21F551009DBF4C = {
						CreatedOnToolsVersion = 14.3;
					};
				};
			};
			buildConfigurationList = C54E85372A21F551009DBF4C /* Build configuration list for PBXProject "UIKitAllInOneApp" */;
			compatibilityVersion = "Xcode 14.0";
			developmentRegion = en;
			hasScannedForEncodings = 0;
			knownRegions = (
				en,
				Base,
			);
			mainGroup = C54E85332A21F551009DBF4C;
			productRefGroup = C54E853D2A21F551009DBF4C /* Products */;
			projectDirPath = "";
			projectRoot = "";
			targets = (
				C54E853B2A21F551009DBF4C /* UIKitAllInOneApp */,
			);
		};
/* End PBXProject section */

/* Begin PBXResourcesBuildPhase section */
		C54E853A2A21F551009DBF4C /* Resources */ = {
			isa = PBXResourcesBuildPhase;
			buildActionMask = 2147483647;
			files = (
				C54E854C2A21F552009DBF4C /* LaunchScreen.storyboard in Resources */,
				C54E85492A21F552009DBF4C /* Assets.xcassets in Resources */,
				C500FE582A22269A00AF4052 /* lightOff.png in Resources */,
				C54E85472A21F551009DBF4C /* Main.storyboard in Resources */,
				C500FE572A22269A00AF4052 /* lightOn.png in Resources */,
			);
			runOnlyForDeploymentPostprocessing = 0;
		};
/* End PBXResourcesBuildPhase section */

/* Begin PBXSourcesBuildPhase section */
		C54E85382A21F551009DBF4C /* Sources */ = {
			isa = PBXSourcesBuildPhase;
			buildActionMask = 2147483647;
			files = (
				C57581E22A222F1500974268 /* ViewController3.swift in Sources */,
				C54E85442A21F551009DBF4C /* ViewController.swift in Sources */,
				C500FE542A2225FA00AF4052 /* ViewController2.swift in Sources */,
				C54E85402A21F551009DBF4C /* AppDelegate.swift in Sources */,
				C54E85422A21F551009DBF4C /* SceneDelegate.swift in Sources */,
			);
			runOnlyForDeploymentPostprocessing = 0;
		};
/* End PBXSourcesBuildPhase section */

/* Begin PBXVariantGroup section */
		C54E85452A21F551009DBF4C /* Main.storyboard */ = {
			isa = PBXVariantGroup;
			children = (
				C54E85462A21F551009DBF4C /* Base */,
			);
			name = Main.storyboard;
			sourceTree = "<group>";
		};
		C54E854A2A21F552009DBF4C /* LaunchScreen.storyboard */ = {
			isa = PBXVariantGroup;
			children = (
				C54E854B2A21F552009DBF4C /* Base */,
			);
			name = LaunchScreen.storyboard;
			sourceTree = "<group>";
		};
/* End PBXVariantGroup section */

/* Begin XCBuildConfiguration section */
		C54E854E2A21F552009DBF4C /* Debug */ = {
			isa = XCBuildConfiguration;
			buildSettings = {
				ALWAYS_SEARCH_USER_PATHS = NO;
				CLANG_ANALYZER_NONNULL = YES;
				CLANG_ANALYZER_NUMBER_OBJECT_CONVERSION = YES_AGGRESSIVE;
				CLANG_CXX_LANGUAGE_STANDARD = "gnu++20";
				CLANG_ENABLE_MODULES = YES;
				CLANG_ENABLE_OBJC_ARC = YES;
				CLANG_ENABLE_OBJC_WEAK = YES;
				CLANG_WARN_BLOCK_CAPTURE_AUTORELEASING = YES;
				CLANG_WARN_BOOL_CONVERSION = YES;
				CLANG_WARN_COMMA = YES;
				CLANG_WARN_CONSTANT_CONVERSION = YES;
				CLANG_WARN_DEPRECATED_OBJC_IMPLEMENTATIONS = YES;
				CLANG_WARN_DIRECT_OBJC_ISA_USAGE = YES_ERROR;
				CLANG_WARN_DOCUMENTATION_COMMENTS = YES;
				CLANG_WARN_EMPTY_BODY = YES;
				CLANG_WARN_ENUM_CONVERSION = YES;
				CLANG_WARN_INFINITE_RECURSION = YES;
				CLANG_WARN_INT_CONVERSION = YES;
				CLANG_WARN_NON_LITERAL_NULL_CONVERSION = YES;
				CLANG_WARN_OBJC_IMPLICIT_RETAIN_SELF = YES;
				CLANG_WARN_OBJC_LITERAL_CONVERSION = YES;
				CLANG_WARN_OBJC_ROOT_CLASS = YES_ERROR;
				CLANG_WARN_QUOTED_INCLUDE_IN_FRAMEWORK_HEADER = YES;
				CLANG_WARN_RANGE_LOOP_ANALYSIS = YES;
				CLANG_WARN_STRICT_PROTOTYPES = YES;
				CLANG_WARN_SUSPICIOUS_MOVE = YES;
				CLANG_WARN_UNGUARDED_AVAILABILITY = YES_AGGRESSIVE;
				CLANG_WARN_UNREACHABLE_CODE = YES;
				CLANG_WARN__DUPLICATE_METHOD_MATCH = YES;
				COPY_PHASE_STRIP = NO;
				DEBUG_INFORMATION_FORMAT = dwarf;
				ENABLE_STRICT_OBJC_MSGSEND = YES;
				ENABLE_TESTABILITY = YES;
				GCC_C_LANGUAGE_STANDARD = gnu11;
				GCC_DYNAMIC_NO_PIC = NO;
				GCC_NO_COMMON_BLOCKS = YES;
				GCC_OPTIMIZATION_LEVEL = 0;
				GCC_PREPROCESSOR_DEFINITIONS = (
					"DEBUG=1",
					"$(inherited)",
				);
				GCC_WARN_64_TO_32_BIT_CONVERSION = YES;
				GCC_WARN_ABOUT_RETURN_TYPE = YES_ERROR;
				GCC_WARN_UNDECLARED_SELECTOR = YES;
				GCC_WARN_UNINITIALIZED_AUTOS = YES_AGGRESSIVE;
				GCC_WARN_UNUSED_FUNCTION = YES;
				GCC_WARN_UNUSED_VARIABLE = YES;
				IPHONEOS_DEPLOYMENT_TARGET = 16.4;
				MTL_ENABLE_DEBUG_INFO = INCLUDE_SOURCE;
				MTL_FAST_MATH = YES;
				ONLY_ACTIVE_ARCH = YES;
				SDKROOT = iphoneos;
				SWIFT_ACTIVE_COMPILATION_CONDITIONS = DEBUG;
				SWIFT_OPTIMIZATION_LEVEL = "-Onone";
			};
			name = Debug;
		};
		C54E854F2A21F552009DBF4C /* Release */ = {
			isa = XCBuildConfiguration;
			buildSettings = {
				ALWAYS_SEARCH_USER_PATHS = NO;
				CLANG_ANALYZER_NONNULL = YES;
				CLANG_ANALYZER_NUMBER_OBJECT_CONVERSION = YES_AGGRESSIVE;
				CLANG_CXX_LANGUAGE_STANDARD = "gnu++20";
				CLANG_ENABLE_MODULES = YES;
				CLANG_ENABLE_OBJC_ARC = YES;
				CLANG_ENABLE_OBJC_WEAK = YES;
				CLANG_WARN_BLOCK_CAPTURE_AUTORELEASING = YES;
				CLANG_WARN_BOOL_CONVERSION = YES;
				CLANG_WARN_COMMA = YES;
				CLANG_WARN_CONSTANT_CONVERSION = YES;
				CLANG_WARN_DEPRECATED_OBJC_IMPLEMENTATIONS = YES;
				CLANG_WARN_DIRECT_OBJC_ISA_USAGE = YES_ERROR;
				CLANG_WARN_DOCUMENTATION_COMMENTS = YES;
				CLANG_WARN_EMPTY_BODY = YES;
				CLANG_WARN_ENUM_CONVERSION = YES;
				CLANG_WARN_INFINITE_RECURSION = YES;
				CLANG_WARN_INT_CONVERSION = YES;
				CLANG_WARN_NON_LITERAL_NULL_CONVERSION = YES;
				CLANG_WARN_OBJC_IMPLICIT_RETAIN_SELF = YES;
				CLANG_WARN_OBJC_LITERAL_CONVERSION = YES;
				CLANG_WARN_OBJC_ROOT_CLASS = YES_ERROR;
				CLANG_WARN_QUOTED_INCLUDE_IN_FRAMEWORK_HEADER = YES;
				CLANG_WARN_RANGE_LOOP_ANALYSIS = YES;
				CLANG_WARN_STRICT_PROTOTYPES = YES;
				CLANG_WARN_SUSPICIOUS_MOVE = YES;
				CLANG_WARN_UNGUARDED_AVAILABILITY = YES_AGGRESSIVE;
				CLANG_WARN_UNREACHABLE_CODE = YES;
				CLANG_WARN__DUPLICATE_METHOD_MATCH = YES;
				COPY_PHASE_STRIP = NO;
				DEBUG_INFORMATION_FORMAT = "dwarf-with-dsym";
				ENABLE_NS_ASSERTIONS = NO;
				ENABLE_STRICT_OBJC_MSGSEND = YES;
				GCC_C_LANGUAGE_STANDARD = gnu11;
				GCC_NO_COMMON_BLOCKS = YES;
				GCC_WARN_64_TO_32_BIT_CONVERSION = YES;
				GCC_WARN_ABOUT_RETURN_TYPE = YES_ERROR;
				GCC_WARN_UNDECLARED_SELECTOR = YES;
				GCC_WARN_UNINITIALIZED_AUTOS = YES_AGGRESSIVE;
				GCC_WARN_UNUSED_FUNCTION = YES;
				GCC_WARN_UNUSED_VARIABLE = YES;
				IPHONEOS_DEPLOYMENT_TARGET = 16.4;
				MTL_ENABLE_DEBUG_INFO = NO;
				MTL_FAST_MATH = YES;
				SDKROOT = iphoneos;
				SWIFT_COMPILATION_MODE = wholemodule;
				SWIFT_OPTIMIZATION_LEVEL = "-O";
				VALIDATE_PRODUCT = YES;
			};
			name = Release;
		};
		C54E85512A21F552009DBF4C /* Debug */ = {
			isa = XCBuildConfiguration;
			buildSettings = {
				ASSETCATALOG_COMPILER_APPICON_NAME = AppIcon;
				ASSETCATALOG_COMPILER_GLOBAL_ACCENT_COLOR_NAME = AccentColor;
				CODE_SIGN_STYLE = Automatic;
				CURRENT_PROJECT_VERSION = 1;
				DEVELOPMENT_TEAM = 956H2C4NC8;
				GENERATE_INFOPLIST_FILE = YES;
				INFOPLIST_FILE = UIKitAllInOneApp/Info.plist;
				INFOPLIST_KEY_UIApplicationSupportsIndirectInputEvents = YES;
				INFOPLIST_KEY_UILaunchStoryboardName = LaunchScreen;
				INFOPLIST_KEY_UIMainStoryboardFile = Main;
				INFOPLIST_KEY_UISupportedInterfaceOrientations_iPad = "UIInterfaceOrientationPortrait UIInterfaceOrientationPortraitUpsideDown UIInterfaceOrientationLandscapeLeft UIInterfaceOrientationLandscapeRight";
				INFOPLIST_KEY_UISupportedInterfaceOrientations_iPhone = "UIInterfaceOrientationPortrait UIInterfaceOrientationLandscapeLeft UIInterfaceOrientationLandscapeRight";
				LD_RUNPATH_SEARCH_PATHS = (
					"$(inherited)",
					"@executable_path/Frameworks",
				);
				MARKETING_VERSION = 1.0;
				PRODUCT_BUNDLE_IDENTIFIER = Simon.UIKitAllInOneApp;
				PRODUCT_NAME = "$(TARGET_NAME)";
				SWIFT_EMIT_LOC_STRINGS = YES;
				SWIFT_VERSION = 5.0;
				TARGETED_DEVICE_FAMILY = "1,2";
			};
			name = Debug;
		};
		C54E85522A21F552009DBF4C /* Release */ = {
			isa = XCBuildConfiguration;
			buildSettings = {
				ASSETCATALOG_COMPILER_APPICON_NAME = AppIcon;
				ASSETCATALOG_COMPILER_GLOBAL_ACCENT_COLOR_NAME = AccentColor;
				CODE_SIGN_STYLE = Automatic;
				CURRENT_PROJECT_VERSION = 1;
				DEVELOPMENT_TEAM = 956H2C4NC8;
				GENERATE_INFOPLIST_FILE = YES;
				INFOPLIST_FILE = UIKitAllInOneApp/Info.plist;
				INFOPLIST_KEY_UIApplicationSupportsIndirectInputEvents = YES;
				INFOPLIST_KEY_UILaunchStoryboardName = LaunchScreen;
				INFOPLIST_KEY_UIMainStoryboardFile = Main;
				INFOPLIST_KEY_UISupportedInterfaceOrientations_iPad = "UIInterfaceOrientationPortrait UIInterfaceOrientationPortraitUpsideDown UIInterfaceOrientationLandscapeLeft UIInterfaceOrientationLandscapeRight";
				INFOPLIST_KEY_UISupportedInterfaceOrientations_iPhone = "UIInterfaceOrientationPortrait UIInterfaceOrientationLandscapeLeft UIInterfaceOrientationLandscapeRight";
				LD_RUNPATH_SEARCH_PATHS = (
					"$(inherited)",
					"@executable_path/Frameworks",
				);
				MARKETING_VERSION = 1.0;
				PRODUCT_BUNDLE_IDENTIFIER = Simon.UIKitAllInOneApp;
				PRODUCT_NAME = "$(TARGET_NAME)";
				SWIFT_EMIT_LOC_STRINGS = YES;
				SWIFT_VERSION = 5.0;
				TARGETED_DEVICE_FAMILY = "1,2";
			};
			name = Release;
		};
/* End XCBuildConfiguration section */

/* Begin XCConfigurationList section */
		C54E85372A21F551009DBF4C /* Build configuration list for PBXProject "UIKitAllInOneApp" */ = {
			isa = XCConfigurationList;
			buildConfigurations = (
				C54E854E2A21F552009DBF4C /* Debug */,
				C54E854F2A21F552009DBF4C /* Release */,
			);
			defaultConfigurationIsVisible = 0;
			defaultConfigurationName = Release;
		};
		C54E85502A21F552009DBF4C /* Build configuration list for PBXNativeTarget "UIKitAllInOneApp" */ = {
			isa = XCConfigurationList;
			buildConfigurations = (
				C54E85512A21F552009DBF4C /* Debug */,
				C54E85522A21F552009DBF4C /* Release */,
			);
			defaultConfigurationIsVisible = 0;
			defaultConfigurationName = Release;
		};
/* End XCConfigurationList section */
	};
	rootObject = C54E85342A21F551009DBF4C /* Project object */;
}
